
Microsoft Visual Studio Solution File, Format Version 12.00
# Visual Studio Version 17
VisualStudioVersion = 17.4.33403.182
MinimumVisualStudioVersion = 10.0.40219.1
Project("{FAE04EC0-301F-11D3-BF4B-00C04F79EFBC}") = "ProjetoExcecoes001", "ProjetoExcecoes001\ProjetoExcecoes001.csproj", "{DF4174EF-4621-4EB4-8895-4C0A5CDC7BC5}"
EndProject
Global
	GlobalSection(SolutionConfigurationPlatforms) = preSolution
		Debug|Any CPU = Debug|Any CPU
		Release|Any CPU = Release|Any CPU
	EndGlobalSection
	GlobalSection(ProjectConfigurationPlatforms) = postSolution
		{DF4174EF-4621-4EB4-8895-4C0A5CDC7BC5}.Debug|Any CPU.ActiveCfg = Debug|Any CPU
		{DF4174EF-4621-4EB4-8895-4C0A5CDC7BC5}.Debug|Any CPU.Build.0 = Debug|Any CPU
		{DF4174EF-4621-4EB4-8895-4C0A5CDC7BC5}.Release|Any CPU.ActiveCfg = Release|Any CPU
		{DF4174EF-4621-4EB4-8895-4C0A5CDC7BC5}.Release|Any CPU.Build.0 = Release|Any CPU
	EndGlobalSection
	GlobalSection(SolutionProperties) = preSolution
		HideSolutionNode = FALSE
	EndGlobalSection
	GlobalSection(ExtensibilityGlobals) = postSolution
		SolutionGuid = {94FE24C1-C895-4C76-8E92-503AB0113FF2}
	EndGlobalSection
EndGlobal
